{
  "name": "fluent-transpiler",
  "version": "0.3.0",
  "lockfileVersion": 3,
  "requires": true,
  "packages": {
    "": {
      "name": "fluent-transpiler",
      "version": "0.3.0",
      "license": "MIT",
      "dependencies": {
        "@fluent/syntax": "0.19.0",
        "change-case": "5.4.4",
        "commander": "13.1.0"
      },
      "bin": {
        "ftl": "cli.js"
      },
      "devDependencies": {
        "@fluent/bundle": "^0.19.0"
      },
      "funding": {
        "type": "github",
        "url": "https://github.com/sponsors/willfarrell"
      }
    },
    "node_modules/@fluent/bundle": {
      "version": "0.19.1",
      "resolved": "https://registry.npmjs.org/@fluent/bundle/-/bundle-0.19.1.tgz",
      "integrity": "sha512-SWJLZrPamDPsJlFFOW1nkgN0j0rbPbmSdmK0XAoXlyqKieLtMVl4vzng3aR5pwKoUx0scug8+YY2oct3fdfy9A==",
      "dev": true,
      "license": "Apache-2.0",
      "engines": {
        "node": ">=18.0.0",
        "npm": ">=7.0.0"
      }
    },
    "node_modules/@fluent/syntax": {
      "version": "0.19.0",
      "resolved": "https://registry.npmjs.org/@fluent/syntax/-/syntax-0.19.0.tgz",
      "integrity": "sha512-5D2qVpZrgpjtqU4eNOcWGp1gnUCgjfM+vKGE2y03kKN6z5EBhtx0qdRFbg8QuNNj8wXNoX93KJoYb+NqoxswmQ==",
      "license": "Apache-2.0",
      "engines": {
        "node": ">=14.0.0",
        "npm": ">=7.0.0"
      }
    },
    "node_modules/change-case": {
      "version": "5.4.4",
      "resolved": "https://registry.npmjs.org/change-case/-/change-case-5.4.4.tgz",
      "integrity": "sha512-HRQyTk2/YPEkt9TnUPbOpr64Uw3KOicFWPVBb+xiHvd6eBx/qPr9xqfBFDT8P2vWsvvz4jbEkfDe71W3VyNu2w==",
      "license": "MIT"
    },
    "node_modules/commander": {
      "version": "13.1.0",
      "resolved": "https://registry.npmjs.org/commander/-/commander-13.1.0.tgz",
      "integrity": "sha512-/rFeCpNJQbhSZjGVwO9RFV3xPqbnERS8MmIQzCtD/zl6gpJuV/bMLuN92oG3F7d8oDEHHRrujSXNUr8fpjntKw==",
      "license": "MIT",
      "engines": {
        "node": ">=18"
      }
    }
  }
}
